Microsoft Visual Studio Solution File, Format Version 12.00
# Visual Studio Version 17
VisualStudioVersion = 17.5.2.0
MinimumVisualStudioVersion = 10.0.40219.1
Project("{FAE04EC0-301F-11D3-BF4B-00C04F79EFBC}") = "AzureTesting", "AzureTesting.csproj", "{5006ACF3-C241-BA42-F66C-53E91AA0CE11}"
EndProject
Global
	GlobalSection(SolutionConfigurationPlatforms) = preSolution
		Debug|Any CPU = Debug|Any CPU
		Release|Any CPU = Release|Any CPU
	EndGlobalSection
	GlobalSection(ProjectConfigurationPlatforms) = postSolution
		{5006ACF3-C241-BA42-F66C-53E91AA0CE11}.Debug|Any CPU.ActiveCfg = Debug|Any CPU
		{5006ACF3-C241-BA42-F66C-53E91AA0CE11}.Debug|Any CPU.Build.0 = Debug|Any CPU
		{5006ACF3-C241-BA42-F66C-53E91AA0CE11}.Release|Any CPU.ActiveCfg = Release|Any CPU
		{5006ACF3-C241-BA42-F66C-53E91AA0CE11}.Release|Any CPU.Build.0 = Release|Any CPU
	EndGlobalSection
	GlobalSection(SolutionProperties) = preSolution
		HideSolutionNode = FALSE
	EndGlobalSection
	GlobalSection(ExtensibilityGlobals) = postSolution
		SolutionGuid = {AC00FEBC-B1BB-481F-8770-5CDF947A6ECA}
	EndGlobalSection
EndGlobal
